
Microsoft Visual Studio Solution File, Format Version 12.00
# Visual Studio Version 16
VisualStudioVersion = 16.0.32126.315
MinimumVisualStudioVersion = 10.0.40219.1
Project("{FAE04EC0-301F-11D3-BF4B-00C04F79EFBC}") = "learningAJAX", "learningAJAX\learningAJAX.csproj", "{B44F7660-BE6D-4821-82ED-70F99ED956DF}"
EndProject
Global
	GlobalSection(SolutionConfigurationPlatforms) = preSolution
		Debug|Any CPU = Debug|Any CPU
		Release|Any CPU = Release|Any CPU
	EndGlobalSection
	GlobalSection(ProjectConfigurationPlatforms) = postSolution
		{B44F7660-BE6D-4821-82ED-70F99ED956DF}.Debug|Any CPU.ActiveCfg = Debug|Any CPU
		{B44F7660-BE6D-4821-82ED-70F99ED956DF}.Debug|Any CPU.Build.0 = Debug|Any CPU
		{B44F7660-BE6D-4821-82ED-70F99ED956DF}.Release|Any CPU.ActiveCfg = Release|Any CPU
		{B44F7660-BE6D-4821-82ED-70F99ED956DF}.Release|Any CPU.Build.0 = Release|Any CPU
	EndGlobalSection
	GlobalSection(SolutionProperties) = preSolution
		HideSolutionNode = FALSE
	EndGlobalSection
	GlobalSection(ExtensibilityGlobals) = postSolution
		SolutionGuid = {2A11BFA9-6F28-4693-BA0C-1D541E95B3FF}
	EndGlobalSection
EndGlobal
